
Microsoft Visual Studio Solution File, Format Version 12.00
# Visual Studio Version 17
VisualStudioVersion = 17.3.32929.385
MinimumVisualStudioVersion = 10.0.40219.1
Project("{FAE04EC0-301F-11D3-BF4B-00C04F79EFBC}") = "Sugaru_Iulia_Lab1", "Sugaru_Iulia_Lab1.csproj", "{72A334F7-CA7E-4F3D-8DB7-199738D0BE82}"
EndProject
Global
	GlobalSection(SolutionConfigurationPlatforms) = preSolution
		Debug|Any CPU = Debug|Any CPU
		Release|Any CPU = Release|Any CPU
	EndGlobalSection
	GlobalSection(ProjectConfigurationPlatforms) = postSolution
		{72A334F7-CA7E-4F3D-8DB7-199738D0BE82}.Debug|Any CPU.ActiveCfg = Debug|Any CPU
		{72A334F7-CA7E-4F3D-8DB7-199738D0BE82}.Debug|Any CPU.Build.0 = Debug|Any CPU
		{72A334F7-CA7E-4F3D-8DB7-199738D0BE82}.Release|Any CPU.ActiveCfg = Release|Any CPU
		{72A334F7-CA7E-4F3D-8DB7-199738D0BE82}.Release|Any CPU.Build.0 = Release|Any CPU
	EndGlobalSection
	GlobalSection(SolutionProperties) = preSolution
		HideSolutionNode = FALSE
	EndGlobalSection
	GlobalSection(ExtensibilityGlobals) = postSolution
		SolutionGuid = {7F46FE12-A7A7-4BF2-91B4-EB6E2096DDEF}
	EndGlobalSection
EndGlobal
